// !$*UTF8*$!
{
	archiveVersion = 1;
	classes = {
	};
	objectVersion = 46;
	objects = {

/* Begin PBXBuildFile section */
		19B9D36BC084AB59752A4661 /* Pods_BOF.framework in Frameworks */ = {isa = PBXBuildFile; fileRef = 5CE4D92154C631C017EBDA81 /* Pods_BOF.framework */; };
		3AAD18FD55195A37FBBB09AD /* Pods_BOFTests.framework in Frameworks */ = {isa = PBXBuildFile; fileRef = 586F00637BA40B95075A03C5 /* Pods_BOFTests.framework */; };
		7A0A722EEFAB5326C665E442 /* Pods_KIFTests.framework in Frameworks */ = {isa = PBXBuildFile; fileRef = 42E1A8D79F6A02ED73C76DE6 /* Pods_KIFTests.framework */; };
		EB0B65121EB6AE0200D5EE1E /* UIView+Extensions.swift in Sources */ = {isa = PBXBuildFile; fileRef = EB0B65111EB6AE0200D5EE1E /* UIView+Extensions.swift */; };
		EB0B65141EB6B00300D5EE1E /* SingupTableViewController.swift in Sources */ = {isa = PBXBuildFile; fileRef = EB0B65131EB6B00300D5EE1E /* SingupTableViewController.swift */; };
		EB0B65161EB6BB1100D5EE1E /* SingupSuccessProtocol.swift in Sources */ = {isa = PBXBuildFile; fileRef = EB0B65151EB6BB1100D5EE1E /* SingupSuccessProtocol.swift */; };
		EB0B651B1EB6D03A00D5EE1E /* ForgotPasswordTableViewController.swift in Sources */ = {isa = PBXBuildFile; fileRef = EB0B651A1EB6D03A00D5EE1E /* ForgotPasswordTableViewController.swift */; };
		EB0B651E1EB6D1C500D5EE1E /* AlertService.swift in Sources */ = {isa = PBXBuildFile; fileRef = EB0B651D1EB6D1C500D5EE1E /* AlertService.swift */; };
		EB0B65201EB6D28400D5EE1E /* UIAlertController+Extensions.swift in Sources */ = {isa = PBXBuildFile; fileRef = EB0B651F1EB6D28400D5EE1E /* UIAlertController+Extensions.swift */; };
		EB0B65231EB6DDD500D5EE1E /* WelcomeViewController.swift in Sources */ = {isa = PBXBuildFile; fileRef = EB0B65221EB6DDD500D5EE1E /* WelcomeViewController.swift */; };
		EB0B65251EB6DDEC00D5EE1E /* WelcomePageViewController.swift in Sources */ = {isa = PBXBuildFile; fileRef = EB0B65241EB6DDEB00D5EE1E /* WelcomePageViewController.swift */; };
		EB27C1CC1EB93C880070F9A6 /* KIFTests.swift in Sources */ = {isa = PBXBuildFile; fileRef = EB27C1CB1EB93C880070F9A6 /* KIFTests.swift */; };
		EB4111F01EB8618300CF3092 /* PostTableViewCell.swift in Sources */ = {isa = PBXBuildFile; fileRef = EB4111EF1EB8618300CF3092 /* PostTableViewCell.swift */; };
		EB4FAEF51EB63B7F00E8315A /* AppDelegate.swift in Sources */ = {isa = PBXBuildFile; fileRef = EB4FAEF41EB63B7F00E8315A /* AppDelegate.swift */; };
		EB4FAEF71EB63B7F00E8315A /* MainViewController.swift in Sources */ = {isa = PBXBuildFile; fileRef = EB4FAEF61EB63B7F00E8315A /* MainViewController.swift */; };
		EB4FAEFA1EB63B7F00E8315A /* Main.storyboard in Resources */ = {isa = PBXBuildFile; fileRef = EB4FAEF81EB63B7F00E8315A /* Main.storyboard */; };
		EB4FAEFC1EB63B7F00E8315A /* Assets.xcassets in Resources */ = {isa = PBXBuildFile; fileRef = EB4FAEFB1EB63B7F00E8315A /* Assets.xcassets */; };
		EB4FAEFF1EB63B7F00E8315A /* LaunchScreen.storyboard in Resources */ = {isa = PBXBuildFile; fileRef = EB4FAEFD1EB63B7F00E8315A /* LaunchScreen.storyboard */; };
		EB4FAF0A1EB63B8000E8315A /* UserTests.swift in Sources */ = {isa = PBXBuildFile; fileRef = EB4FAF091EB63B8000E8315A /* UserTests.swift */; };
		EB4FAF2D1EB64ECC00E8315A /* Signin.storyboard in Resources */ = {isa = PBXBuildFile; fileRef = EB4FAF2C1EB64ECC00E8315A /* Signin.storyboard */; };
		EB4FAF2F1EB64EE300E8315A /* Welcome.storyboard in Resources */ = {isa = PBXBuildFile; fileRef = EB4FAF2E1EB64EE300E8315A /* Welcome.storyboard */; };
		EB4FAF311EB64EED00E8315A /* Initial.storyboard in Resources */ = {isa = PBXBuildFile; fileRef = EB4FAF301EB64EED00E8315A /* Initial.storyboard */; };
		EB4FAF331EB67CAF00E8315A /* Constants.swift in Sources */ = {isa = PBXBuildFile; fileRef = EB4FAF321EB67CAF00E8315A /* Constants.swift */; };
		EB4FAF351EB67DC200E8315A /* UIColor+Extensions.swift in Sources */ = {isa = PBXBuildFile; fileRef = EB4FAF341EB67DC200E8315A /* UIColor+Extensions.swift */; };
		EB4FAF371EB6814100E8315A /* InitialViewController.swift in Sources */ = {isa = PBXBuildFile; fileRef = EB4FAF361EB6814100E8315A /* InitialViewController.swift */; };
		EB4FAF391EB68A8E00E8315A /* BofButton.swift in Sources */ = {isa = PBXBuildFile; fileRef = EB4FAF381EB68A8E00E8315A /* BofButton.swift */; };
		EB4FAF3B1EB68CA900E8315A /* BofTextField.swift in Sources */ = {isa = PBXBuildFile; fileRef = EB4FAF3A1EB68CA900E8315A /* BofTextField.swift */; };
		EB4FAF3D1EB68D9F00E8315A /* FontAwesome.otf in Resources */ = {isa = PBXBuildFile; fileRef = EB4FAF3C1EB68D9F00E8315A /* FontAwesome.otf */; };
		EB4FAF3F1EB68ECA00E8315A /* BaseTableViewController.swift in Sources */ = {isa = PBXBuildFile; fileRef = EB4FAF3E1EB68ECA00E8315A /* BaseTableViewController.swift */; };
		EB4FAF411EB690D100E8315A /* SigninTableViewController.swift in Sources */ = {isa = PBXBuildFile; fileRef = EB4FAF401EB690D100E8315A /* SigninTableViewController.swift */; };
		EB4FAF431EB694F600E8315A /* User.swift in Sources */ = {isa = PBXBuildFile; fileRef = EB4FAF421EB694F600E8315A /* User.swift */; };
		EB57CF2A1EB8891E00008C83 /* MutableCollection+Extensions.swift in Sources */ = {isa = PBXBuildFile; fileRef = EB57CF291EB8891E00008C83 /* MutableCollection+Extensions.swift */; };
		EB6DA7031EC23AFE003EE7A7 /* 7zX in Frameworks */ = {isa = PBXBuildFile; fileRef = EB6DA7021EC23AFE003EE7A7 /* 7zX */; };
		EB9B0BD71EB6F04A00C6DDB5 /* SessionService.swift in Sources */ = {isa = PBXBuildFile; fileRef = EB9B0BD61EB6F04A00C6DDB5 /* SessionService.swift */; };
		EBAB769D1EB7E462008CBFF7 /* NewPostViewController.swift in Sources */ = {isa = PBXBuildFile; fileRef = EBAB769C1EB7E462008CBFF7 /* NewPostViewController.swift */; };
		EBAB769F1EB802B1008CBFF7 /* NewPostProtocol.swift in Sources */ = {isa = PBXBuildFile; fileRef = EBAB769E1EB802B1008CBFF7 /* NewPostProtocol.swift */; };
		EBAB76DD1EB82C05008CBFF7 /* Post.swift in Sources */ = {isa = PBXBuildFile; fileRef = EBAB76DC1EB82C05008CBFF7 /* Post.swift */; };
		EBAB76E11EB83036008CBFF7 /* PostService.swift in Sources */ = {isa = PBXBuildFile; fileRef = EBAB76E01EB83036008CBFF7 /* PostService.swift */; };
/* End PBXBuildFile section */

/* Begin PBXContainerItemProxy section */
		EB27C1CE1EB93C880070F9A6 /* PBXContainerItemProxy */ = {
			isa = PBXContainerItemProxy;
			containerPortal = EB4FAEE91EB63B7F00E8315A /* Project object */;
			proxyType = 1;
			remoteGlobalIDString = EB4FAEF01EB63B7F00E8315A;
			remoteInfo = BOF;
		};
		EB4FAF061EB63B8000E8315A /* PBXContainerItemProxy */ = {
			isa = PBXContainerItemProxy;
			containerPortal = EB4FAEE91EB63B7F00E8315A /* Project object */;
			proxyType = 1;
			remoteGlobalIDString = EB4FAEF01EB63B7F00E8315A;
			remoteInfo = BOF;
		};
/* End PBXContainerItemProxy section */

/* Begin PBXFileReference section */
		1C42A8EB150AAF8200A790A1 /* Pods-BOFUITests.release.xcconfig */ = {isa = PBXFileReference; includeInIndex = 1; lastKnownFileType = text.xcconfig; name = "Pods-BOFUITests.release.xcconfig"; path = "Pods/Target Support Files/Pods-BOFUITests/Pods-BOFUITests.release.xcconfig"; sourceTree = "<group>"; };
		2DA6FAE0579F22EF16351EFF /* Pods-BOF-BOFUITests.debug.xcconfig */ = {isa = PBXFileReference; includeInIndex = 1; lastKnownFileType = text.xcconfig; name = "Pods-BOF-BOFUITests.debug.xcconfig"; path = "Pods/Target Support Files/Pods-BOF-BOFUITests/Pods-BOF-BOFUITests.debug.xcconfig"; sourceTree = "<group>"; };
		2E554DB2EF8FEC751A0B0F0E /* Pods-KIFTests.debug.xcconfig */ = {isa = PBXFileReference; includeInIndex = 1; lastKnownFileType = text.xcconfig; name = "Pods-KIFTests.debug.xcconfig"; path = "Pods/Target Support Files/Pods-KIFTests/Pods-KIFTests.debug.xcconfig"; sourceTree = "<group>"; };
		32024F4C0A67DA398141E9A9 /* Pods-BOF.release.xcconfig */ = {isa = PBXFileReference; includeInIndex = 1; lastKnownFileType = text.xcconfig; name = "Pods-BOF.release.xcconfig"; path = "Pods/Target Support Files/Pods-BOF/Pods-BOF.release.xcconfig"; sourceTree = "<group>"; };
		3D9C1962478B7A7B96C2FFEB /* Pods-BOFTests.release.xcconfig */ = {isa = PBXFileReference; includeInIndex = 1; lastKnownFileType = text.xcconfig; name = "Pods-BOFTests.release.xcconfig"; path = "Pods/Target Support Files/Pods-BOFTests/Pods-BOFTests.release.xcconfig"; sourceTree = "<group>"; };
		42E1A8D79F6A02ED73C76DE6 /* Pods_KIFTests.framework */ = {isa = PBXFileReference; explicitFileType = wrapper.framework; includeInIndex = 0; path = Pods_KIFTests.framework; sourceTree = BUILT_PRODUCTS_DIR; };
		4AD2A3CFBA5A117027E33AD1 /* Pods-KIFTests.release.xcconfig */ = {isa = PBXFileReference; includeInIndex = 1; lastKnownFileType = text.xcconfig; name = "Pods-KIFTests.release.xcconfig"; path = "Pods/Target Support Files/Pods-KIFTests/Pods-KIFTests.release.xcconfig"; sourceTree = "<group>"; };
		586F00637BA40B95075A03C5 /* Pods_BOFTests.framework */ = {isa = PBXFileReference; explicitFileType = wrapper.framework; includeInIndex = 0; path = Pods_BOFTests.framework; sourceTree = BUILT_PRODUCTS_DIR; };
		5CE4D92154C631C017EBDA81 /* Pods_BOF.framework */ = {isa = PBXFileReference; explicitFileType = wrapper.framework; includeInIndex = 0; path = Pods_BOF.framework; sourceTree = BUILT_PRODUCTS_DIR; };
		AB222CFE542A80E75B76F05F /* libPods-BOFUITests.a */ = {isa = PBXFileReference; explicitFileType = archive.ar; includeInIndex = 0; path = "libPods-BOFUITests.a"; sourceTree = BUILT_PRODUCTS_DIR; };
		AC372DB484B666663BE8F757 /* Pods-BOF-BOFUITests.release.xcconfig */ = {isa = PBXFileReference; includeInIndex = 1; lastKnownFileType = text.xcconfig; name = "Pods-BOF-BOFUITests.release.xcconfig"; path = "Pods/Target Support Files/Pods-BOF-BOFUITests/Pods-BOF-BOFUITests.release.xcconfig"; sourceTree = "<group>"; };
		AF3A1FC30BB1ACB0ED8D6927 /* Pods-BOFTests.debug.xcconfig */ = {isa = PBXFileReference; includeInIndex = 1; lastKnownFileType = text.xcconfig; name = "Pods-BOFTests.debug.xcconfig"; path = "Pods/Target Support Files/Pods-BOFTests/Pods-BOFTests.debug.xcconfig"; sourceTree = "<group>"; };
		B3F530E7F62C8E782F421048 /* Pods_BOF_BOFUITests.framework */ = {isa = PBXFileReference; explicitFileType = wrapper.framework; includeInIndex = 0; path = Pods_BOF_BOFUITests.framework; sourceTree = BUILT_PRODUCTS_DIR; };
		C02140C86B9F4A6AFCD2966A /* Pods-BOF.debug.xcconfig */ = {isa = PBXFileReference; includeInIndex = 1; lastKnownFileType = text.xcconfig; name = "Pods-BOF.debug.xcconfig"; path = "Pods/Target Support Files/Pods-BOF/Pods-BOF.debug.xcconfig"; sourceTree = "<group>"; };
		DD165CAA43DADED421E74D89 /* Pods-BOFUITests.debug.xcconfig */ = {isa = PBXFileReference; includeInIndex = 1; lastKnownFileType = text.xcconfig; name = "Pods-BOFUITests.debug.xcconfig"; path = "Pods/Target Support Files/Pods-BOFUITests/Pods-BOFUITests.debug.xcconfig"; sourceTree = "<group>"; };
		EB0B65111EB6AE0200D5EE1E /* UIView+Extensions.swift */ = {isa = PBXFileReference; fileEncoding = 4; lastKnownFileType = sourcecode.swift; path = "UIView+Extensions.swift"; sourceTree = "<group>"; };
		EB0B65131EB6B00300D5EE1E /* SingupTableViewController.swift */ = {isa = PBXFileReference; fileEncoding = 4; lastKnownFileType = sourcecode.swift; path = SingupTableViewController.swift; sourceTree = "<group>"; };
		EB0B65151EB6BB1100D5EE1E /* SingupSuccessProtocol.swift */ = {isa = PBXFileReference; fileEncoding = 4; lastKnownFileType = sourcecode.swift; path = SingupSuccessProtocol.swift; sourceTree = "<group>"; };
		EB0B651A1EB6D03A00D5EE1E /* ForgotPasswordTableViewController.swift */ = {isa = PBXFileReference; fileEncoding = 4; lastKnownFileType = sourcecode.swift; path = ForgotPasswordTableViewController.swift; sourceTree = "<group>"; };
		EB0B651D1EB6D1C500D5EE1E /* AlertService.swift */ = {isa = PBXFileReference; fileEncoding = 4; lastKnownFileType = sourcecode.swift; path = AlertService.swift; sourceTree = "<group>"; };
		EB0B651F1EB6D28400D5EE1E /* UIAlertController+Extensions.swift */ = {isa = PBXFileReference; fileEncoding = 4; lastKnownFileType = sourcecode.swift; path = "UIAlertController+Extensions.swift"; sourceTree = "<group>"; };
		EB0B65221EB6DDD500D5EE1E /* WelcomeViewController.swift */ = {isa = PBXFileReference; fileEncoding = 4; lastKnownFileType = sourcecode.swift; path = WelcomeViewController.swift; sourceTree = "<group>"; };
		EB0B65241EB6DDEB00D5EE1E /* WelcomePageViewController.swift */ = {isa = PBXFileReference; fileEncoding = 4; lastKnownFileType = sourcecode.swift; path = WelcomePageViewController.swift; sourceTree = "<group>"; };
		EB27C1C91EB93C880070F9A6 /* KIFTests.xctest */ = {isa = PBXFileReference; explicitFileType = wrapper.cfbundle; includeInIndex = 0; path = KIFTests.xctest; sourceTree = BUILT_PRODUCTS_DIR; };
		EB27C1CB1EB93C880070F9A6 /* KIFTests.swift */ = {isa = PBXFileReference; lastKnownFileType = sourcecode.swift; path = KIFTests.swift; sourceTree = "<group>"; };
		EB27C1CD1EB93C880070F9A6 /* Info.plist */ = {isa = PBXFileReference; lastKnownFileType = text.plist.xml; path = Info.plist; sourceTree = "<group>"; };
		EB4111EF1EB8618300CF3092 /* PostTableViewCell.swift */ = {isa = PBXFileReference; fileEncoding = 4; lastKnownFileType = sourcecode.swift; path = PostTableViewCell.swift; sourceTree = "<group>"; };
		EB4FAEF11EB63B7F00E8315A /* BOF.app */ = {isa = PBXFileReference; explicitFileType = wrapper.application; includeInIndex = 0; path = BOF.app; sourceTree = BUILT_PRODUCTS_DIR; };
		EB4FAEF41EB63B7F00E8315A /* AppDelegate.swift */ = {isa = PBXFileReference; lastKnownFileType = sourcecode.swift; path = AppDelegate.swift; sourceTree = "<group>"; };
		EB4FAEF61EB63B7F00E8315A /* MainViewController.swift */ = {isa = PBXFileReference; lastKnownFileType = sourcecode.swift; path = MainViewController.swift; sourceTree = "<group>"; };
		EB4FAEF91EB63B7F00E8315A /* Base */ = {isa = PBXFileReference; lastKnownFileType = file.storyboard; name = Base; path = Base.lproj/Main.storyboard; sourceTree = "<group>"; };
		EB4FAEFB1EB63B7F00E8315A /* Assets.xcassets */ = {isa = PBXFileReference; lastKnownFileType = folder.assetcatalog; path = Assets.xcassets; sourceTree = "<group>"; };
		EB4FAEFE1EB63B7F00E8315A /* Base */ = {isa = PBXFileReference; lastKnownFileType = file.storyboard; name = Base; path = Base.lproj/LaunchScreen.storyboard; sourceTree = "<group>"; };
		EB4FAF001EB63B7F00E8315A /* Info.plist */ = {isa = PBXFileReference; lastKnownFileType = text.plist.xml; path = Info.plist; sourceTree = "<group>"; };
		EB4FAF051EB63B8000E8315A /* BOFTests.xctest */ = {isa = PBXFileReference; explicitFileType = wrapper.cfbundle; includeInIndex = 0; path = BOFTests.xctest; sourceTree = BUILT_PRODUCTS_DIR; };
		EB4FAF091EB63B8000E8315A /* UserTests.swift */ = {isa = PBXFileReference; lastKnownFileType = sourcecode.swift; path = UserTests.swift; sourceTree = "<group>"; };
		EB4FAF0B1EB63B8000E8315A /* Info.plist */ = {isa = PBXFileReference; lastKnownFileType = text.plist.xml; path = Info.plist; sourceTree = "<group>"; };
		EB4FAF141EB63B8000E8315A /* BOFUITests.swift */ = {isa = PBXFileReference; lastKnownFileType = sourcecode.swift; path = BOFUITests.swift; sourceTree = "<group>"; };
		EB4FAF161EB63B8000E8315A /* Info.plist */ = {isa = PBXFileReference; lastKnownFileType = text.plist.xml; path = Info.plist; sourceTree = "<group>"; };
		EB4FAF2C1EB64ECC00E8315A /* Signin.storyboard */ = {isa = PBXFileReference; fileEncoding = 4; lastKnownFileType = file.storyboard; path = Signin.storyboard; sourceTree = "<group>"; };
		EB4FAF2E1EB64EE300E8315A /* Welcome.storyboard */ = {isa = PBXFileReference; fileEncoding = 4; lastKnownFileType = file.storyboard; path = Welcome.storyboard; sourceTree = "<group>"; };
		EB4FAF301EB64EED00E8315A /* Initial.storyboard */ = {isa = PBXFileReference; fileEncoding = 4; lastKnownFileType = file.storyboard; path = Initial.storyboard; sourceTree = "<group>"; };
		EB4FAF321EB67CAF00E8315A /* Constants.swift */ = {isa = PBXFileReference; fileEncoding = 4; lastKnownFileType = sourcecode.swift; path = Constants.swift; sourceTree = "<group>"; };
		EB4FAF341EB67DC200E8315A /* UIColor+Extensions.swift */ = {isa = PBXFileReference; fileEncoding = 4; lastKnownFileType = sourcecode.swift; path = "UIColor+Extensions.swift"; sourceTree = "<group>"; };
		EB4FAF361EB6814100E8315A /* InitialViewController.swift */ = {isa = PBXFileReference; fileEncoding = 4; lastKnownFileType = sourcecode.swift; path = InitialViewController.swift; sourceTree = "<group>"; };
		EB4FAF381EB68A8E00E8315A /* BofButton.swift */ = {isa = PBXFileReference; fileEncoding = 4; lastKnownFileType = sourcecode.swift; path = BofButton.swift; sourceTree = "<group>"; };
		EB4FAF3A1EB68CA900E8315A /* BofTextField.swift */ = {isa = PBXFileReference; fileEncoding = 4; lastKnownFileType = sourcecode.swift; path = BofTextField.swift; sourceTree = "<group>"; };
		EB4FAF3C1EB68D9F00E8315A /* FontAwesome.otf */ = {isa = PBXFileReference; lastKnownFileType = file; path = FontAwesome.otf; sourceTree = "<group>"; };
		EB4FAF3E1EB68ECA00E8315A /* BaseTableViewController.swift */ = {isa = PBXFileReference; fileEncoding = 4; lastKnownFileType = sourcecode.swift; path = BaseTableViewController.swift; sourceTree = "<group>"; };
		EB4FAF401EB690D100E8315A /* SigninTableViewController.swift */ = {isa = PBXFileReference; fileEncoding = 4; lastKnownFileType = sourcecode.swift; path = SigninTableViewController.swift; sourceTree = "<group>"; };
		EB4FAF421EB694F600E8315A /* User.swift */ = {isa = PBXFileReference; fileEncoding = 4; lastKnownFileType = sourcecode.swift; path = User.swift; sourceTree = "<group>"; };
		EB57CF291EB8891E00008C83 /* MutableCollection+Extensions.swift */ = {isa = PBXFileReference; fileEncoding = 4; lastKnownFileType = sourcecode.swift; path = "MutableCollection+Extensions.swift"; sourceTree = "<group>"; };
		EB57CF2B1EB8B84700008C83 /* KIFTests-Bridging-Header.h */ = {isa = PBXFileReference; fileEncoding = 4; lastKnownFileType = sourcecode.c.h; name = "KIFTests-Bridging-Header.h"; path = "../BOFUITests/KIFTests-Bridging-Header.h"; sourceTree = "<group>"; };
		EB6DA7021EC23AFE003EE7A7 /* 7zX */ = {isa = PBXFileReference; lastKnownFileType = file; name = 7zX; path = "../../../../../Library/Mobile Documents/com~apple~CloudDocs/.Trash/7zX"; sourceTree = "<group>"; };
		EB9B0BD61EB6F04A00C6DDB5 /* SessionService.swift */ = {isa = PBXFileReference; fileEncoding = 4; lastKnownFileType = sourcecode.swift; path = SessionService.swift; sourceTree = "<group>"; };
		EBAB769C1EB7E462008CBFF7 /* NewPostViewController.swift */ = {isa = PBXFileReference; fileEncoding = 4; lastKnownFileType = sourcecode.swift; path = NewPostViewController.swift; sourceTree = "<group>"; };
		EBAB769E1EB802B1008CBFF7 /* NewPostProtocol.swift */ = {isa = PBXFileReference; fileEncoding = 4; lastKnownFileType = sourcecode.swift; path = NewPostProtocol.swift; sourceTree = "<group>"; };
		EBAB76DC1EB82C05008CBFF7 /* Post.swift */ = {isa = PBXFileReference; fileEncoding = 4; lastKnownFileType = sourcecode.swift; path = Post.swift; sourceTree = "<group>"; };
		EBAB76E01EB83036008CBFF7 /* PostService.swift */ = {isa = PBXFileReference; fileEncoding = 4; lastKnownFileType = sourcecode.swift; path = PostService.swift; sourceTree = "<group>"; };
/* End PBXFileReference section */

/* Begin PBXFrameworksBuildPhase section */
		EB27C1C61EB93C880070F9A6 /* Frameworks */ = {
			isa = PBXFrameworksBuildPhase;
			buildActionMask = 2147483647;
			files = (
				7A0A722EEFAB5326C665E442 /* Pods_KIFTests.framework in Frameworks */,
			);
			runOnlyForDeploymentPostprocessing = 0;
		};
		EB4FAEEE1EB63B7F00E8315A /* Frameworks */ = {
			isa = PBXFrameworksBuildPhase;
			buildActionMask = 2147483647;
			files = (
				EB6DA7031EC23AFE003EE7A7 /* 7zX in Frameworks */,
				19B9D36BC084AB59752A4661 /* Pods_BOF.framework in Frameworks */,
			);
			runOnlyForDeploymentPostprocessing = 0;
		};
		EB4FAF021EB63B8000E8315A /* Frameworks */ = {
			isa = PBXFrameworksBuildPhase;
			buildActionMask = 2147483647;
			files = (
				3AAD18FD55195A37FBBB09AD /* Pods_BOFTests.framework in Frameworks */,
			);
			runOnlyForDeploymentPostprocessing = 0;
		};
/* End PBXFrameworksBuildPhase section */

/* Begin PBXGroup section */
		672C3F00A9A23C689035CBB1 /* Frameworks */ = {
			isa = PBXGroup;
			children = (
				EB6DA7021EC23AFE003EE7A7 /* 7zX */,
				5CE4D92154C631C017EBDA81 /* Pods_BOF.framework */,
				B3F530E7F62C8E782F421048 /* Pods_BOF_BOFUITests.framework */,
				AB222CFE542A80E75B76F05F /* libPods-BOFUITests.a */,
				586F00637BA40B95075A03C5 /* Pods_BOFTests.framework */,
				42E1A8D79F6A02ED73C76DE6 /* Pods_KIFTests.framework */,
			);
			name = Frameworks;
			sourceTree = "<group>";
		};
		AC127F5FE3E4DA1A3AA3A649 /* Pods */ = {
			isa = PBXGroup;
			children = (
				C02140C86B9F4A6AFCD2966A /* Pods-BOF.debug.xcconfig */,
				32024F4C0A67DA398141E9A9 /* Pods-BOF.release.xcconfig */,
				AF3A1FC30BB1ACB0ED8D6927 /* Pods-BOFTests.debug.xcconfig */,
				3D9C1962478B7A7B96C2FFEB /* Pods-BOFTests.release.xcconfig */,
				DD165CAA43DADED421E74D89 /* Pods-BOFUITests.debug.xcconfig */,
				1C42A8EB150AAF8200A790A1 /* Pods-BOFUITests.release.xcconfig */,
				2DA6FAE0579F22EF16351EFF /* Pods-BOF-BOFUITests.debug.xcconfig */,
				AC372DB484B666663BE8F757 /* Pods-BOF-BOFUITests.release.xcconfig */,
				2E554DB2EF8FEC751A0B0F0E /* Pods-KIFTests.debug.xcconfig */,
				4AD2A3CFBA5A117027E33AD1 /* Pods-KIFTests.release.xcconfig */,
			);
			name = Pods;
			sourceTree = "<group>";
		};
		EB0B65171EB6CFDE00D5EE1E /* Initial */ = {
			isa = PBXGroup;
			children = (
				EB4FAF361EB6814100E8315A /* InitialViewController.swift */,
			);
			name = Initial;
			sourceTree = "<group>";
		};
		EB0B65181EB6CFE800D5EE1E /* Main */ = {
			isa = PBXGroup;
			children = (
				EB4FAEF61EB63B7F00E8315A /* MainViewController.swift */,
				EB4111EF1EB8618300CF3092 /* PostTableViewCell.swift */,
				EBAB769C1EB7E462008CBFF7 /* NewPostViewController.swift */,
			);
			name = Main;
			sourceTree = "<group>";
		};
		EB0B65191EB6CFF600D5EE1E /* Signin */ = {
			isa = PBXGroup;
			children = (
				EB4FAF3E1EB68ECA00E8315A /* BaseTableViewController.swift */,
				EB4FAF401EB690D100E8315A /* SigninTableViewController.swift */,
				EB0B65131EB6B00300D5EE1E /* SingupTableViewController.swift */,
				EB0B651A1EB6D03A00D5EE1E /* ForgotPasswordTableViewController.swift */,
			);
			name = Signin;
			sourceTree = "<group>";
		};
		EB0B651C1EB6D1B300D5EE1E /* Services */ = {
			isa = PBXGroup;
			children = (
				EB0B651D1EB6D1C500D5EE1E /* AlertService.swift */,
				EB9B0BD61EB6F04A00C6DDB5 /* SessionService.swift */,
				EBAB76E01EB83036008CBFF7 /* PostService.swift */,
			);
			name = Services;
			sourceTree = "<group>";
		};
		EB0B65211EB6DD2900D5EE1E /* Welcome */ = {
			isa = PBXGroup;
			children = (
				EB0B65221EB6DDD500D5EE1E /* WelcomeViewController.swift */,
				EB0B65241EB6DDEB00D5EE1E /* WelcomePageViewController.swift */,
			);
			name = Welcome;
			sourceTree = "<group>";
		};
		EB27C1CA1EB93C880070F9A6 /* KIFTests */ = {
			isa = PBXGroup;
			children = (
				EB27C1CB1EB93C880070F9A6 /* KIFTests.swift */,
				EB57CF2B1EB8B84700008C83 /* KIFTests-Bridging-Header.h */,
				EB27C1CD1EB93C880070F9A6 /* Info.plist */,
			);
			path = KIFTests;
			sourceTree = "<group>";
		};
		EB4FAEE81EB63B7F00E8315A = {
			isa = PBXGroup;
			children = (
				EB4FAEF31EB63B7F00E8315A /* BOF */,
				EB4FAF081EB63B8000E8315A /* BOFTests */,
				EB4FAF131EB63B8000E8315A /* BOFUITests */,
				EB27C1CA1EB93C880070F9A6 /* KIFTests */,
				EB4FAEF21EB63B7F00E8315A /* Products */,
				AC127F5FE3E4DA1A3AA3A649 /* Pods */,
				672C3F00A9A23C689035CBB1 /* Frameworks */,
			);
			sourceTree = "<group>";
		};
		EB4FAEF21EB63B7F00E8315A /* Products */ = {
			isa = PBXGroup;
			children = (
				EB4FAEF11EB63B7F00E8315A /* BOF.app */,
				EB4FAF051EB63B8000E8315A /* BOFTests.xctest */,
				EB27C1C91EB93C880070F9A6 /* KIFTests.xctest */,
			);
			name = Products;
			sourceTree = "<group>";
		};
		EB4FAEF31EB63B7F00E8315A /* BOF */ = {
			isa = PBXGroup;
			children = (
				EB4FAF221EB63F0300E8315A /* Utilities */,
				EB4FAF261EB63F5700E8315A /* Models */,
				EB4FAF271EB63F6800E8315A /* Protocols */,
				EB4FAF2B1EB63FC600E8315A /* View Controllers */,
				EB4FAF281EB63F8100E8315A /* Storyboards */,
				EB4FAF291EB63F9D00E8315A /* Resources */,
				EB4FAF2A1EB63FA500E8315A /* Supporting Files */,
			);
			path = BOF;
			sourceTree = "<group>";
		};
		EB4FAF081EB63B8000E8315A /* BOFTests */ = {
			isa = PBXGroup;
			children = (
				EB4FAF091EB63B8000E8315A /* UserTests.swift */,
				EB4FAF0B1EB63B8000E8315A /* Info.plist */,
			);
			path = BOFTests;
			sourceTree = "<group>";
		};
		EB4FAF131EB63B8000E8315A /* BOFUITests */ = {
			isa = PBXGroup;
			children = (
				EB4FAF141EB63B8000E8315A /* BOFUITests.swift */,
				EB4FAF161EB63B8000E8315A /* Info.plist */,
			);
			path = BOFUITests;
			sourceTree = "<group>";
		};
		EB4FAF221EB63F0300E8315A /* Utilities */ = {
			isa = PBXGroup;
			children = (
				EB0B651C1EB6D1B300D5EE1E /* Services */,
				EB4FAF231EB63F1800E8315A /* Constants */,
				EB4FAF251EB63F3A00E8315A /* Subclasses */,
				EB4FAF241EB63F2800E8315A /* Extensions */,
			);
			name = Utilities;
			sourceTree = "<group>";
		};
		EB4FAF231EB63F1800E8315A /* Constants */ = {
			isa = PBXGroup;
			children = (
				EB4FAF321EB67CAF00E8315A /* Constants.swift */,
			);
			name = Constants;
			sourceTree = "<group>";
		};
		EB4FAF241EB63F2800E8315A /* Extensions */ = {
			isa = PBXGroup;
			children = (
				EB4FAF341EB67DC200E8315A /* UIColor+Extensions.swift */,
				EB0B65111EB6AE0200D5EE1E /* UIView+Extensions.swift */,
				EB0B651F1EB6D28400D5EE1E /* UIAlertController+Extensions.swift */,
				EB57CF291EB8891E00008C83 /* MutableCollection+Extensions.swift */,
			);
			name = Extensions;
			sourceTree = "<group>";
		};
		EB4FAF251EB63F3A00E8315A /* Subclasses */ = {
			isa = PBXGroup;
			children = (
				EB4FAF381EB68A8E00E8315A /* BofButton.swift */,
				EB4FAF3A1EB68CA900E8315A /* BofTextField.swift */,
			);
			name = Subclasses;
			sourceTree = "<group>";
		};
		EB4FAF261EB63F5700E8315A /* Models */ = {
			isa = PBXGroup;
			children = (
				EB4FAEF41EB63B7F00E8315A /* AppDelegate.swift */,
				EB4FAF421EB694F600E8315A /* User.swift */,
				EBAB76DC1EB82C05008CBFF7 /* Post.swift */,
			);
			name = Models;
			sourceTree = "<group>";
		};
		EB4FAF271EB63F6800E8315A /* Protocols */ = {
			isa = PBXGroup;
			children = (
				EB0B65151EB6BB1100D5EE1E /* SingupSuccessProtocol.swift */,
				EBAB769E1EB802B1008CBFF7 /* NewPostProtocol.swift */,
			);
			name = Protocols;
			sourceTree = "<group>";
		};
		EB4FAF281EB63F8100E8315A /* Storyboards */ = {
			isa = PBXGroup;
			children = (
				EB4FAEFD1EB63B7F00E8315A /* LaunchScreen.storyboard */,
				EB4FAF301EB64EED00E8315A /* Initial.storyboard */,
				EB4FAF2C1EB64ECC00E8315A /* Signin.storyboard */,
				EB4FAF2E1EB64EE300E8315A /* Welcome.storyboard */,
				EB4FAEF81EB63B7F00E8315A /* Main.storyboard */,
			);
			name = Storyboards;
			sourceTree = "<group>";
		};
		EB4FAF291EB63F9D00E8315A /* Resources */ = {
			isa = PBXGroup;
			children = (
				EB4FAEFB1EB63B7F00E8315A /* Assets.xcassets */,
				EB4FAF3C1EB68D9F00E8315A /* FontAwesome.otf */,
			);
			name = Resources;
			sourceTree = "<group>";
		};
		EB4FAF2A1EB63FA500E8315A /* Supporting Files */ = {
			isa = PBXGroup;
			children = (
				EB4FAF001EB63B7F00E8315A /* Info.plist */,
			);
			name = "Supporting Files";
			sourceTree = "<group>";
		};
		EB4FAF2B1EB63FC600E8315A /* View Controllers */ = {
			isa = PBXGroup;
			children = (
				EB0B65171EB6CFDE00D5EE1E /* Initial */,
				EB0B65191EB6CFF600D5EE1E /* Signin */,
				EB0B65211EB6DD2900D5EE1E /* Welcome */,
				EB0B65181EB6CFE800D5EE1E /* Main */,
			);
			name = "View Controllers";
			sourceTree = "<group>";
		};
/* End PBXGroup section */

/* Begin PBXNativeTarget section */
		EB27C1C81EB93C880070F9A6 /* KIFTests */ = {
			isa = PBXNativeTarget;
			buildConfigurationList = EB27C1D21EB93C880070F9A6 /* Build configuration list for PBXNativeTarget "KIFTests" */;
			buildPhases = (
				A9D986312856FA12AF6EB7FA /* [CP] Check Pods Manifest.lock */,
				EB27C1C51EB93C880070F9A6 /* Sources */,
				EB27C1C61EB93C880070F9A6 /* Frameworks */,
				EB27C1C71EB93C880070F9A6 /* Resources */,
				0E3B79D4E7453B31C49C82BF /* [CP] Embed Pods Frameworks */,
				D3DCF58A5D4039EED4F0914E /* [CP] Copy Pods Resources */,
			);
			buildRules = (
			);
			dependencies = (
				EB27C1CF1EB93C880070F9A6 /* PBXTargetDependency */,
			);
			name = KIFTests;
			productName = KIFTests;
			productReference = EB27C1C91EB93C880070F9A6 /* KIFTests.xctest */;
			productType = "com.apple.product-type.bundle.unit-test";
		};
		EB4FAEF01EB63B7F00E8315A /* BOF */ = {
			isa = PBXNativeTarget;
			buildConfigurationList = EB4FAF191EB63B8000E8315A /* Build configuration list for PBXNativeTarget "BOF" */;
			buildPhases = (
				58C12D0C41B801D19C7B4937 /* [CP] Check Pods Manifest.lock */,
				EB4FAEED1EB63B7F00E8315A /* Sources */,
				EB4FAEEE1EB63B7F00E8315A /* Frameworks */,
				EB4FAEEF1EB63B7F00E8315A /* Resources */,
				F940E7D2BD92AF3ED0FD993D /* [CP] Embed Pods Frameworks */,
				A062F9B16AFD3DC26D9D6EA5 /* [CP] Copy Pods Resources */,
				EB9B0BF81EB7970D00C6DDB5 /* Auto-increment Build Number */,
			);
			buildRules = (
			);
			dependencies = (
			);
			name = BOF;
			productName = BOF;
			productReference = EB4FAEF11EB63B7F00E8315A /* BOF.app */;
			productType = "com.apple.product-type.application";
		};
		EB4FAF041EB63B8000E8315A /* BOFTests */ = {
			isa = PBXNativeTarget;
			buildConfigurationList = EB4FAF1C1EB63B8000E8315A /* Build configuration list for PBXNativeTarget "BOFTests" */;
			buildPhases = (
				824E8581DF41EE262082B93A /* [CP] Check Pods Manifest.lock */,
				EB4FAF011EB63B8000E8315A /* Sources */,
				EB4FAF021EB63B8000E8315A /* Frameworks */,
				EB4FAF031EB63B8000E8315A /* Resources */,
				1C158F841D673A8670BC1918 /* [CP] Embed Pods Frameworks */,
				1EF7DE6CA95A6A4B496EDEE1 /* [CP] Copy Pods Resources */,
			);
			buildRules = (
			);
			dependencies = (
				EB4FAF071EB63B8000E8315A /* PBXTargetDependency */,
			);
			name = BOFTests;
			productName = BOFTests;
			productReference = EB4FAF051EB63B8000E8315A /* BOFTests.xctest */;
			productType = "com.apple.product-type.bundle.unit-test";
		};
/* End PBXNativeTarget section */

/* Begin PBXProject section */
		EB4FAEE91EB63B7F00E8315A /* Project object */ = {
			isa = PBXProject;
			attributes = {
				LastSwiftUpdateCheck = 0830;
				LastUpgradeCheck = 0830;
				ORGANIZATIONNAME = "98%Chimp";
				TargetAttributes = {
					EB27C1C81EB93C880070F9A6 = {
						CreatedOnToolsVersion = 8.3.2;
						DevelopmentTeam = 6X85PLZ26L;
						ProvisioningStyle = Automatic;
						TestTargetID = EB4FAEF01EB63B7F00E8315A;
					};
					EB4FAEF01EB63B7F00E8315A = {
						CreatedOnToolsVersion = 8.3.2;
						DevelopmentTeam = 6X85PLZ26L;
						ProvisioningStyle = Automatic;
					};
					EB4FAF041EB63B8000E8315A = {
						CreatedOnToolsVersion = 8.3.2;
						DevelopmentTeam = 6X85PLZ26L;
						ProvisioningStyle = Automatic;
						TestTargetID = EB4FAEF01EB63B7F00E8315A;
					};
				};
			};
			buildConfigurationList = EB4FAEEC1EB63B7F00E8315A /* Build configuration list for PBXProject "BOF" */;
			compatibilityVersion = "Xcode 3.2";
			developmentRegion = English;
			hasScannedForEncodings = 0;
			knownRegions = (
				en,
				Base,
			);
			mainGroup = EB4FAEE81EB63B7F00E8315A;
			productRefGroup = EB4FAEF21EB63B7F00E8315A /* Products */;
			projectDirPath = "";
			projectRoot = "";
			targets = (
				EB4FAEF01EB63B7F00E8315A /* BOF */,
				EB4FAF041EB63B8000E8315A /* BOFTests */,
				EB27C1C81EB93C880070F9A6 /* KIFTests */,
			);
		};
/* End PBXProject section */

/* Begin PBXResourcesBuildPhase section */
		EB27C1C71EB93C880070F9A6 /* Resources */ = {
			isa = PBXResourcesBuildPhase;
			buildActionMask = 2147483647;
			files = (
			);
			runOnlyForDeploymentPostprocessing = 0;
		};
		EB4FAEEF1EB63B7F00E8315A /* Resources */ = {
			isa = PBXResourcesBuildPhase;
			buildActionMask = 2147483647;
			files = (
				EB4FAF2F1EB64EE300E8315A /* Welcome.storyboard in Resources */,
				EB4FAEFF1EB63B7F00E8315A /* LaunchScreen.storyboard in Resources */,
				EB4FAEFC1EB63B7F00E8315A /* Assets.xcassets in Resources */,
				EB4FAF3D1EB68D9F00E8315A /* FontAwesome.otf in Resources */,
				EB4FAF311EB64EED00E8315A /* Initial.storyboard in Resources */,
				EB4FAF2D1EB64ECC00E8315A /* Signin.storyboard in Resources */,
				EB4FAEFA1EB63B7F00E8315A /* Main.storyboard in Resources */,
			);
			runOnlyForDeploymentPostprocessing = 0;
		};
		EB4FAF031EB63B8000E8315A /* Resources */ = {
			isa = PBXResourcesBuildPhase;
			buildActionMask = 2147483647;
			files = (
			);
			runOnlyForDeploymentPostprocessing = 0;
		};
/* End PBXResourcesBuildPhase section */

/* Begin PBXShellScriptBuildPhase section */
		0E3B79D4E7453B31C49C82BF /* [CP] Embed Pods Frameworks */ = {
			isa = PBXShellScriptBuildPhase;
			buildActionMask = 2147483647;
			files = (
			);
			inputPaths = (
			);
			name = "[CP] Embed Pods Frameworks";
			outputPaths = (
			);
			runOnlyForDeploymentPostprocessing = 0;
			shellPath = /bin/sh;
			shellScript = "\"${SRCROOT}/Pods/Target Support Files/Pods-KIFTests/Pods-KIFTests-frameworks.sh\"\n";
			showEnvVarsInLog = 0;
		};
		1C158F841D673A8670BC1918 /* [CP] Embed Pods Frameworks */ = {
			isa = PBXShellScriptBuildPhase;
			buildActionMask = 2147483647;
			files = (
			);
			inputPaths = (
			);
			name = "[CP] Embed Pods Frameworks";
			outputPaths = (
			);
			runOnlyForDeploymentPostprocessing = 0;
			shellPath = /bin/sh;
			shellScript = "\"${SRCROOT}/Pods/Target Support Files/Pods-BOFTests/Pods-BOFTests-frameworks.sh\"\n";
			showEnvVarsInLog = 0;
		};
		1EF7DE6CA95A6A4B496EDEE1 /* [CP] Copy Pods Resources */ = {
			isa = PBXShellScriptBuildPhase;
			buildActionMask = 2147483647;
			files = (
			);
			inputPaths = (
			);
			name = "[CP] Copy Pods Resources";
			outputPaths = (
			);
			runOnlyForDeploymentPostprocessing = 0;
			shellPath = /bin/sh;
			shellScript = "\"${SRCROOT}/Pods/Target Support Files/Pods-BOFTests/Pods-BOFTests-resources.sh\"\n";
			showEnvVarsInLog = 0;
		};
		58C12D0C41B801D19C7B4937 /* [CP] Check Pods Manifest.lock */ = {
			isa = PBXShellScriptBuildPhase;
			buildActionMask = 2147483647;
			files = (
			);
			inputPaths = (
			);
			name = "[CP] Check Pods Manifest.lock";
			outputPaths = (
			);
			runOnlyForDeploymentPostprocessing = 0;
			shellPath = /bin/sh;
			shellScript = "diff \"${PODS_ROOT}/../Podfile.lock\" \"${PODS_ROOT}/Manifest.lock\" > /dev/null\nif [ $? != 0 ] ; then\n    # print error to STDERR\n    echo \"error: The sandbox is not in sync with the Podfile.lock. Run 'pod install' or update your CocoaPods installation.\" >&2\n    exit 1\nfi\n";
			showEnvVarsInLog = 0;
		};
		824E8581DF41EE262082B93A /* [CP] Check Pods Manifest.lock */ = {
			isa = PBXShellScriptBuildPhase;
			buildActionMask = 2147483647;
			files = (
			);
			inputPaths = (
			);
			name = "[CP] Check Pods Manifest.lock";
			outputPaths = (
			);
			runOnlyForDeploymentPostprocessing = 0;
			shellPath = /bin/sh;
			shellScript = "diff \"${PODS_ROOT}/../Podfile.lock\" \"${PODS_ROOT}/Manifest.lock\" > /dev/null\nif [ $? != 0 ] ; then\n    # print error to STDERR\n    echo \"error: The sandbox is not in sync with the Podfile.lock. Run 'pod install' or update your CocoaPods installation.\" >&2\n    exit 1\nfi\n";
			showEnvVarsInLog = 0;
		};
		A062F9B16AFD3DC26D9D6EA5 /* [CP] Copy Pods Resources */ = {
			isa = PBXShellScriptBuildPhase;
			buildActionMask = 2147483647;
			files = (
			);
			inputPaths = (
			);
			name = "[CP] Copy Pods Resources";
			outputPaths = (
			);
			runOnlyForDeploymentPostprocessing = 0;
			shellPath = /bin/sh;
			shellScript = "\"${SRCROOT}/Pods/Target Support Files/Pods-BOF/Pods-BOF-resources.sh\"\n";
			showEnvVarsInLog = 0;
		};
		A9D986312856FA12AF6EB7FA /* [CP] Check Pods Manifest.lock */ = {
			isa = PBXShellScriptBuildPhase;
			buildActionMask = 2147483647;
			files = (
			);
			inputPaths = (
			);
			name = "[CP] Check Pods Manifest.lock";
			outputPaths = (
			);
			runOnlyForDeploymentPostprocessing = 0;
			shellPath = /bin/sh;
			shellScript = "diff \"${PODS_ROOT}/../Podfile.lock\" \"${PODS_ROOT}/Manifest.lock\" > /dev/null\nif [ $? != 0 ] ; then\n    # print error to STDERR\n    echo \"error: The sandbox is not in sync with the Podfile.lock. Run 'pod install' or update your CocoaPods installation.\" >&2\n    exit 1\nfi\n";
			showEnvVarsInLog = 0;
		};
		D3DCF58A5D4039EED4F0914E /* [CP] Copy Pods Resources */ = {
			isa = PBXShellScriptBuildPhase;
			buildActionMask = 2147483647;
			files = (
			);
			inputPaths = (
			);
			name = "[CP] Copy Pods Resources";
			outputPaths = (
			);
			runOnlyForDeploymentPostprocessing = 0;
			shellPath = /bin/sh;
			shellScript = "\"${SRCROOT}/Pods/Target Support Files/Pods-KIFTests/Pods-KIFTests-resources.sh\"\n";
			showEnvVarsInLog = 0;
		};
		EB9B0BF81EB7970D00C6DDB5 /* Auto-increment Build Number */ = {
			isa = PBXShellScriptBuildPhase;
			buildActionMask = 2147483647;
			files = (
			);
			inputPaths = (
			);
			name = "Auto-increment Build Number";
			outputPaths = (
			);
			runOnlyForDeploymentPostprocessing = 0;
			shellPath = /bin/sh;
			shellScript = "#!/bin/bash\nbN=$(/usr/libexec/PlistBuddy -c \"Print CFBundleVersion\" \"$INFOPLIST_FILE\")\nbN=$((0x$bN))\nbN=$(($bN + 1))\nbN=$(printf \"%X\" $bN)\n/usr/libexec/PlistBuddy -c \"Set :CFBundleVersion $bN\" \"$INFOPLIST_FILE\"";
		};
		F940E7D2BD92AF3ED0FD993D /* [CP] Embed Pods Frameworks */ = {
			isa = PBXShellScriptBuildPhase;
			buildActionMask = 2147483647;
			files = (
			);
			inputPaths = (
			);
			name = "[CP] Embed Pods Frameworks";
			outputPaths = (
			);
			runOnlyForDeploymentPostprocessing = 0;
			shellPath = /bin/sh;
			shellScript = "\"${SRCROOT}/Pods/Target Support Files/Pods-BOF/Pods-BOF-frameworks.sh\"\n";
			showEnvVarsInLog = 0;
		};
/* End PBXShellScriptBuildPhase section */

/* Begin PBXSourcesBuildPhase section */
		EB27C1C51EB93C880070F9A6 /* Sources */ = {
			isa = PBXSourcesBuildPhase;
			buildActionMask = 2147483647;
			files = (
				EB27C1CC1EB93C880070F9A6 /* KIFTests.swift in Sources */,
			);
			runOnlyForDeploymentPostprocessing = 0;
		};
		EB4FAEED1EB63B7F00E8315A /* Sources */ = {
			isa = PBXSourcesBuildPhase;
			buildActionMask = 2147483647;
			files = (
				EB4FAF371EB6814100E8315A /* InitialViewController.swift in Sources */,
				EB4FAEF71EB63B7F00E8315A /* MainViewController.swift in Sources */,
				EBAB769F1EB802B1008CBFF7 /* NewPostProtocol.swift in Sources */,
				EB4FAF411EB690D100E8315A /* SigninTableViewController.swift in Sources */,
				EB0B65141EB6B00300D5EE1E /* SingupTableViewController.swift in Sources */,
				EB0B65251EB6DDEC00D5EE1E /* WelcomePageViewController.swift in Sources */,
				EB0B651E1EB6D1C500D5EE1E /* AlertService.swift in Sources */,
				EB0B65231EB6DDD500D5EE1E /* WelcomeViewController.swift in Sources */,
				EBAB76E11EB83036008CBFF7 /* PostService.swift in Sources */,
				EB4FAF3F1EB68ECA00E8315A /* BaseTableViewController.swift in Sources */,
				EBAB76DD1EB82C05008CBFF7 /* Post.swift in Sources */,
				EB4111F01EB8618300CF3092 /* PostTableViewCell.swift in Sources */,
				EB57CF2A1EB8891E00008C83 /* MutableCollection+Extensions.swift in Sources */,
				EB0B651B1EB6D03A00D5EE1E /* ForgotPasswordTableViewController.swift in Sources */,
				EBAB769D1EB7E462008CBFF7 /* NewPostViewController.swift in Sources */,
				EB4FAEF51EB63B7F00E8315A /* AppDelegate.swift in Sources */,
				EB4FAF391EB68A8E00E8315A /* BofButton.swift in Sources */,
				EB0B65161EB6BB1100D5EE1E /* SingupSuccessProtocol.swift in Sources */,
				EB0B65201EB6D28400D5EE1E /* UIAlertController+Extensions.swift in Sources */,
				EB4FAF331EB67CAF00E8315A /* Constants.swift in Sources */,
				EB4FAF351EB67DC200E8315A /* UIColor+Extensions.swift in Sources */,
				EB4FAF431EB694F600E8315A /* User.swift in Sources */,
				EB4FAF3B1EB68CA900E8315A /* BofTextField.swift in Sources */,
				EB0B65121EB6AE0200D5EE1E /* UIView+Extensions.swift in Sources */,
				EB9B0BD71EB6F04A00C6DDB5 /* SessionService.swift in Sources */,
			);
			runOnlyForDeploymentPostprocessing = 0;
		};
		EB4FAF011EB63B8000E8315A /* Sources */ = {
			isa = PBXSourcesBuildPhase;
			buildActionMask = 2147483647;
			files = (
				EB4FAF0A1EB63B8000E8315A /* UserTests.swift in Sources */,
			);
			runOnlyForDeploymentPostprocessing = 0;
		};
/* End PBXSourcesBuildPhase section */

/* Begin PBXTargetDependency section */
		EB27C1CF1EB93C880070F9A6 /* PBXTargetDependency */ = {
			isa = PBXTargetDependency;
			target = EB4FAEF01EB63B7F00E8315A /* BOF */;
			targetProxy = EB27C1CE1EB93C880070F9A6 /* PBXContainerItemProxy */;
		};
		EB4FAF071EB63B8000E8315A /* PBXTargetDependency */ = {
			isa = PBXTargetDependency;
			target = EB4FAEF01EB63B7F00E8315A /* BOF */;
			targetProxy = EB4FAF061EB63B8000E8315A /* PBXContainerItemProxy */;
		};
/* End PBXTargetDependency section */

/* Begin PBXVariantGroup section */
		EB4FAEF81EB63B7F00E8315A /* Main.storyboard */ = {
			isa = PBXVariantGroup;
			children = (
				EB4FAEF91EB63B7F00E8315A /* Base */,
			);
			name = Main.storyboard;
			sourceTree = "<group>";
		};
		EB4FAEFD1EB63B7F00E8315A /* LaunchScreen.storyboard */ = {
			isa = PBXVariantGroup;
			children = (
				EB4FAEFE1EB63B7F00E8315A /* Base */,
			);
			name = LaunchScreen.storyboard;
			sourceTree = "<group>";
		};
/* End PBXVariantGroup section */

/* Begin XCBuildConfiguration section */
		EB27C1D01EB93C880070F9A6 /* Debug */ = {
			isa = XCBuildConfiguration;
			baseConfigurationReference = 2E554DB2EF8FEC751A0B0F0E /* Pods-KIFTests.debug.xcconfig */;
			buildSettings = {
				BUNDLE_LOADER = "$(TEST_HOST)";
				DEVELOPMENT_TEAM = 6X85PLZ26L;
				ENABLE_BITCODE = NO;
				FRAMEWORK_SEARCH_PATHS = "$(SRCROOT)/**";
				INFOPLIST_FILE = KIFTests/Info.plist;
				LD_RUNPATH_SEARCH_PATHS = "$(inherited) @executable_path/Frameworks @loader_path/Frameworks";
				PRODUCT_BUNDLE_IDENTIFIER = com.98chimp.KIFTests;
				PRODUCT_NAME = "$(TARGET_NAME)";
				SWIFT_VERSION = 3.0;
				TEST_HOST = "$(BUILT_PRODUCTS_DIR)/BOF.app/BOF";
			};
			name = Debug;
		};
		EB27C1D11EB93C880070F9A6 /* Release */ = {
			isa = XCBuildConfiguration;
			baseConfigurationReference = 4AD2A3CFBA5A117027E33AD1 /* Pods-KIFTests.release.xcconfig */;
			buildSettings = {
				BUNDLE_LOADER = "$(TEST_HOST)";
				DEVELOPMENT_TEAM = 6X85PLZ26L;
				ENABLE_BITCODE = NO;
				FRAMEWORK_SEARCH_PATHS = "$(SRCROOT)/**";
				INFOPLIST_FILE = KIFTests/Info.plist;
				LD_RUNPATH_SEARCH_PATHS = "$(inherited) @executable_path/Frameworks @loader_path/Frameworks";
				PRODUCT_BUNDLE_IDENTIFIER = com.98chimp.KIFTests;
				PRODUCT_NAME = "$(TARGET_NAME)";
				SWIFT_VERSION = 3.0;
				TEST_HOST = "$(BUILT_PRODUCTS_DIR)/BOF.app/BOF";
			};
			name = Release;
		};
		EB4FAF171EB63B8000E8315A /* Debug */ = {
			isa = XCBuildConfiguration;
			buildSettings = {
				ALWAYS_EMBED_SWIFT_STANDARD_LIBRARIES = YES;
				ALWAYS_SEARCH_USER_PATHS = NO;
				CLANG_ANALYZER_NONNULL = YES;
				CLANG_ANALYZER_NUMBER_OBJECT_CONVERSION = YES_AGGRESSIVE;
				CLANG_CXX_LANGUAGE_STANDARD = "gnu++0x";
				CLANG_CXX_LIBRARY = "libc++";
				CLANG_ENABLE_MODULES = YES;
				CLANG_ENABLE_OBJC_ARC = YES;
				CLANG_WARN_BOOL_CONVERSION = YES;
				CLANG_WARN_CONSTANT_CONVERSION = YES;
				CLANG_WARN_DIRECT_OBJC_ISA_USAGE = YES_ERROR;
				CLANG_WARN_DOCUMENTATION_COMMENTS = YES;
				CLANG_WARN_EMPTY_BODY = YES;
				CLANG_WARN_ENUM_CONVERSION = YES;
				CLANG_WARN_INFINITE_RECURSION = YES;
				CLANG_WARN_INT_CONVERSION = YES;
				CLANG_WARN_OBJC_ROOT_CLASS = YES_ERROR;
				CLANG_WARN_SUSPICIOUS_MOVE = YES;
				CLANG_WARN_UNREACHABLE_CODE = YES;
				CLANG_WARN__DUPLICATE_METHOD_MATCH = YES;
				"CODE_SIGN_IDENTITY[sdk=iphoneos*]" = "iPhone Developer";
				COPY_PHASE_STRIP = NO;
				DEBUG_INFORMATION_FORMAT = dwarf;
				ENABLE_BITCODE = YES;
				ENABLE_STRICT_OBJC_MSGSEND = YES;
				ENABLE_TESTABILITY = YES;
				FRAMEWORK_SEARCH_PATHS = "$(SRCROOT)/**";
				GCC_C_LANGUAGE_STANDARD = gnu99;
				GCC_DYNAMIC_NO_PIC = NO;
				GCC_NO_COMMON_BLOCKS = YES;
				GCC_OPTIMIZATION_LEVEL = 0;
				GCC_PREPROCESSOR_DEFINITIONS = (
					"DEBUG=1",
					"$(inherited)",
				);
				GCC_WARN_64_TO_32_BIT_CONVERSION = YES;
				GCC_WARN_ABOUT_RETURN_TYPE = YES_ERROR;
				GCC_WARN_UNDECLARED_SELECTOR = YES;
				GCC_WARN_UNINITIALIZED_AUTOS = YES_AGGRESSIVE;
				GCC_WARN_UNUSED_FUNCTION = YES;
				GCC_WARN_UNUSED_VARIABLE = YES;
				IPHONEOS_DEPLOYMENT_TARGET = 10.3;
				MTL_ENABLE_DEBUG_INFO = YES;
				ONLY_ACTIVE_ARCH = YES;
				SDKROOT = iphoneos;
				SWIFT_ACTIVE_COMPILATION_CONDITIONS = DEBUG;
				SWIFT_OPTIMIZATION_LEVEL = "-Onone";
			};
			name = Debug;
		};
		EB4FAF181EB63B8000E8315A /* Release */ = {
			isa = XCBuildConfiguration;
			buildSettings = {
				ALWAYS_EMBED_SWIFT_STANDARD_LIBRARIES = YES;
				ALWAYS_SEARCH_USER_PATHS = NO;
				CLANG_ANALYZER_NONNULL = YES;
				CLANG_ANALYZER_NUMBER_OBJECT_CONVERSION = YES_AGGRESSIVE;
				CLANG_CXX_LANGUAGE_STANDARD = "gnu++0x";
				CLANG_CXX_LIBRARY = "libc++";
				CLANG_ENABLE_MODULES = YES;
				CLANG_ENABLE_OBJC_ARC = YES;
				CLANG_WARN_BOOL_CONVERSION = YES;
				CLANG_WARN_CONSTANT_CONVERSION = YES;
				CLANG_WARN_DIRECT_OBJC_ISA_USAGE = YES_ERROR;
				CLANG_WARN_DOCUMENTATION_COMMENTS = YES;
				CLANG_WARN_EMPTY_BODY = YES;
				CLANG_WARN_ENUM_CONVERSION = YES;
				CLANG_WARN_INFINITE_RECURSION = YES;
				CLANG_WARN_INT_CONVERSION = YES;
				CLANG_WARN_OBJC_ROOT_CLASS = YES_ERROR;
				CLANG_WARN_SUSPICIOUS_MOVE = YES;
				CLANG_WARN_UNREACHABLE_CODE = YES;
				CLANG_WARN__DUPLICATE_METHOD_MATCH = YES;
				"CODE_SIGN_IDENTITY[sdk=iphoneos*]" = "iPhone Developer";
				COPY_PHASE_STRIP = NO;
				DEBUG_INFORMATION_FORMAT = "dwarf-with-dsym";
				ENABLE_BITCODE = YES;
				ENABLE_NS_ASSERTIONS = NO;
				ENABLE_STRICT_OBJC_MSGSEND = YES;
				FRAMEWORK_SEARCH_PATHS = "$(SRCROOT)/**";
				GCC_C_LANGUAGE_STANDARD = gnu99;
				GCC_NO_COMMON_BLOCKS = YES;
				GCC_WARN_64_TO_32_BIT_CONVERSION = YES;
				GCC_WARN_ABOUT_RETURN_TYPE = YES_ERROR;
				GCC_WARN_UNDECLARED_SELECTOR = YES;
				GCC_WARN_UNINITIALIZED_AUTOS = YES_AGGRESSIVE;
				GCC_WARN_UNUSED_FUNCTION = YES;
				GCC_WARN_UNUSED_VARIABLE = YES;
				IPHONEOS_DEPLOYMENT_TARGET = 10.3;
				MTL_ENABLE_DEBUG_INFO = NO;
				SDKROOT = iphoneos;
				SWIFT_OPTIMIZATION_LEVEL = "-Owholemodule";
				VALIDATE_PRODUCT = YES;
			};
			name = Release;
		};
		EB4FAF1A1EB63B8000E8315A /* Debug */ = {
			isa = XCBuildConfiguration;
			baseConfigurationReference = C02140C86B9F4A6AFCD2966A /* Pods-BOF.debug.xcconfig */;
			buildSettings = {
				ASSETCATALOG_COMPILER_APPICON_NAME = AppIcon;
				DEVELOPMENT_TEAM = 6X85PLZ26L;
				ENABLE_BITCODE = NO;
				FRAMEWORK_SEARCH_PATHS = (
					"$(inherited)",
					"\"$PODS_CONFIGURATION_BUILD_DIR/FaveButton\"",
					"\"$PODS_CONFIGURATION_BUILD_DIR/M13ProgressSuite\"",
					"\"$PODS_CONFIGURATION_BUILD_DIR/RMActionController\"",
					"\"$PODS_CONFIGURATION_BUILD_DIR/RMDateSelectionViewController\"",
					"\"$PODS_CONFIGURATION_BUILD_DIR/SZTextView\"",
					"\"$PODS_CONFIGURATION_BUILD_DIR/SkyFloatingLabelTextField\"",
					"\"$PODS_CONFIGURATION_BUILD_DIR/ThunderCats\"",
					"\"$PODS_CONFIGURATION_BUILD_DIR/UICKeyChainStore\"",
					"\"$PODS_CONFIGURATION_BUILD_DIR/KIF\"",
				);
				INFOPLIST_FILE = BOF/Info.plist;
				LD_RUNPATH_SEARCH_PATHS = "$(inherited) @executable_path/Frameworks";
				PRODUCT_BUNDLE_IDENTIFIER = com.98chimp.BOF;
				PRODUCT_NAME = "$(TARGET_NAME)";
				SWIFT_VERSION = 3.0;
			};
			name = Debug;
		};
		EB4FAF1B1EB63B8000E8315A /* Release */ = {
			isa = XCBuildConfiguration;
			baseConfigurationReference = 32024F4C0A67DA398141E9A9 /* Pods-BOF.release.xcconfig */;
			buildSettings = {
				ASSETCATALOG_COMPILER_APPICON_NAME = AppIcon;
				DEVELOPMENT_TEAM = 6X85PLZ26L;
				ENABLE_BITCODE = NO;
				FRAMEWORK_SEARCH_PATHS = (
					"$(inherited)",
					"\"$PODS_CONFIGURATION_BUILD_DIR/FaveButton\"",
					"\"$PODS_CONFIGURATION_BUILD_DIR/M13ProgressSuite\"",
					"\"$PODS_CONFIGURATION_BUILD_DIR/RMActionController\"",
					"\"$PODS_CONFIGURATION_BUILD_DIR/RMDateSelectionViewController\"",
					"\"$PODS_CONFIGURATION_BUILD_DIR/SZTextView\"",
					"\"$PODS_CONFIGURATION_BUILD_DIR/SkyFloatingLabelTextField\"",
					"\"$PODS_CONFIGURATION_BUILD_DIR/ThunderCats\"",
					"\"$PODS_CONFIGURATION_BUILD_DIR/UICKeyChainStore\"",
					"\"$PODS_CONFIGURATION_BUILD_DIR/KIF\"",
				);
				INFOPLIST_FILE = BOF/Info.plist;
				LD_RUNPATH_SEARCH_PATHS = "$(inherited) @executable_path/Frameworks";
				PRODUCT_BUNDLE_IDENTIFIER = com.98chimp.BOF;
				PRODUCT_NAME = "$(TARGET_NAME)";
				SWIFT_VERSION = 3.0;
			};
			name = Release;
		};
		EB4FAF1D1EB63B8000E8315A /* Debug */ = {
			isa = XCBuildConfiguration;
			baseConfigurationReference = AF3A1FC30BB1ACB0ED8D6927 /* Pods-BOFTests.debug.xcconfig */;
			buildSettings = {
				ALWAYS_EMBED_SWIFT_STANDARD_LIBRARIES = YES;
				BUNDLE_LOADER = "$(TEST_HOST)";
				DEVELOPMENT_TEAM = 6X85PLZ26L;
				ENABLE_BITCODE = NO;
				INFOPLIST_FILE = BOFTests/Info.plist;
				LD_RUNPATH_SEARCH_PATHS = "$(inherited) @executable_path/Frameworks @loader_path/Frameworks";
				PRODUCT_BUNDLE_IDENTIFIER = com.98chimp.BOFTests;
				PRODUCT_NAME = "$(TARGET_NAME)";
				SWIFT_VERSION = 3.0;
				TEST_HOST = "$(BUILT_PRODUCTS_DIR)/BOF.app/BOF";
			};
			name = Debug;
		};
		EB4FAF1E1EB63B8000E8315A /* Release */ = {
			isa = XCBuildConfiguration;
			baseConfigurationReference = 3D9C1962478B7A7B96C2FFEB /* Pods-BOFTests.release.xcconfig */;
			buildSettings = {
				ALWAYS_EMBED_SWIFT_STANDARD_LIBRARIES = YES;
				BUNDLE_LOADER = "$(TEST_HOST)";
				DEVELOPMENT_TEAM = 6X85PLZ26L;
				ENABLE_BITCODE = NO;
				INFOPLIST_FILE = BOFTests/Info.plist;
				LD_RUNPATH_SEARCH_PATHS = "$(inherited) @executable_path/Frameworks @loader_path/Frameworks";
				PRODUCT_BUNDLE_IDENTIFIER = com.98chimp.BOFTests;
				PRODUCT_NAME = "$(TARGET_NAME)";
				SWIFT_VERSION = 3.0;
				TEST_HOST = "$(BUILT_PRODUCTS_DIR)/BOF.app/BOF";
			};
			name = Release;
		};
/* End XCBuildConfiguration section */

/* Begin XCConfigurationList section */
		EB27C1D21EB93C880070F9A6 /* Build configuration list for PBXNativeTarget "KIFTests" */ = {
			isa = XCConfigurationList;
			buildConfigurations = (
				EB27C1D01EB93C880070F9A6 /* Debug */,
				EB27C1D11EB93C880070F9A6 /* Release */,
			);
			defaultConfigurationIsVisible = 0;
			defaultConfigurationName = Release;
		};
		EB4FAEEC1EB63B7F00E8315A /* Build configuration list for PBXProject "BOF" */ = {
			isa = XCConfigurationList;
			buildConfigurations = (
				EB4FAF171EB63B8000E8315A /* Debug */,
				EB4FAF181EB63B8000E8315A /* Release */,
			);
			defaultConfigurationIsVisible = 0;
			defaultConfigurationName = Release;
		};
		EB4FAF191EB63B8000E8315A /* Build configuration list for PBXNativeTarget "BOF" */ = {
			isa = XCConfigurationList;
			buildConfigurations = (
				EB4FAF1A1EB63B8000E8315A /* Debug */,
				EB4FAF1B1EB63B8000E8315A /* Release */,
			);
			defaultConfigurationIsVisible = 0;
			defaultConfigurationName = Release;
		};
		EB4FAF1C1EB63B8000E8315A /* Build configuration list for PBXNativeTarget "BOFTests" */ = {
			isa = XCConfigurationList;
			buildConfigurations = (
				EB4FAF1D1EB63B8000E8315A /* Debug */,
				EB4FAF1E1EB63B8000E8315A /* Release */,
			);
			defaultConfigurationIsVisible = 0;
			defaultConfigurationName = Release;
		};
/* End XCConfigurationList section */
	};
	rootObject = EB4FAEE91EB63B7F00E8315A /* Project object */;
}
